
Microsoft Visual Studio Solution File, Format Version 12.00
# Visual Studio Version 16
VisualStudioVersion = 16.0.29613.14
MinimumVisualStudioVersion = 10.0.40219.1
Project("{FAE04EC0-301F-11D3-BF4B-00C04F79EFBC}") = "FirstAngularDemo", "FirstAngularDemo.csproj", "{11311A2E-7B16-4BF3-B215-7816FFC1C5CE}"
EndProject
Global
	GlobalSection(SolutionConfigurationPlatforms) = preSolution
		Debug|Any CPU = Debug|Any CPU
		Release|Any CPU = Release|Any CPU
	EndGlobalSection
	GlobalSection(ProjectConfigurationPlatforms) = postSolution
		{11311A2E-7B16-4BF3-B215-7816FFC1C5CE}.Debug|Any CPU.ActiveCfg = Debug|Any CPU
		{11311A2E-7B16-4BF3-B215-7816FFC1C5CE}.Debug|Any CPU.Build.0 = Debug|Any CPU
		{11311A2E-7B16-4BF3-B215-7816FFC1C5CE}.Release|Any CPU.ActiveCfg = Release|Any CPU
		{11311A2E-7B16-4BF3-B215-7816FFC1C5CE}.Release|Any CPU.Build.0 = Release|Any CPU
	EndGlobalSection
	GlobalSection(SolutionProperties) = preSolution
		HideSolutionNode = FALSE
	EndGlobalSection
	GlobalSection(ExtensibilityGlobals) = postSolution
		SolutionGuid = {15B71A57-5EED-416A-91F9-45FF290A158F}
	EndGlobalSection
EndGlobal
